{
  "name": "url-to-postman",
  "version": "1.0.0",
  "lockfileVersion": 2,
  "requires": true,
  "packages": {
    "": {
      "name": "url-to-postman",
      "version": "1.0.0",
      "license": "ISC",
      "dependencies": {
        "commist": "^2.0.0",
        "minimist": "^1.2.5"
      },
      "bin": {
        "url-to-postman": "cmd.js"
      }
    },
    "node_modules/commist": {
      "version": "2.0.0",
      "resolved": "https://registry.npmjs.org/commist/-/commist-2.0.0.tgz",
      "integrity": "sha512-FOz6gc7VRNFV+SYjGv0ZPfgG1afGqJfKg2/aVtiDP6kF1ZPpo7NvUOGHuVNQ2YgMoCVglEUo0O3WzcD63yczVA==",
      "dependencies": {
        "leven": "^3.1.0",
        "minimist": "^1.1.0"
      }
    },
    "node_modules/leven": {
      "version": "3.1.0",
      "resolved": "https://registry.npmjs.org/leven/-/leven-3.1.0.tgz",
      "integrity": "sha512-qsda+H8jTaUaN/x5vzW2rzc+8Rw4TAQ/4KjB46IwK5VH+IlVeeeje/EoZRpiXvIqjFgK84QffqPztGI3VBLG1A==",
      "engines": {
        "node": ">=6"
      }
    },
    "node_modules/minimist": {
      "version": "1.2.5",
      "resolved": "https://registry.npmjs.org/minimist/-/minimist-1.2.5.tgz",
      "integrity": "sha512-FM9nNUYrRBAELZQT3xeZQ7fmMOBg6nWNmJKTcgsJeaLstP/UODVpGsr5OhXhhXg6f+qtJ8uiZ+PUxkDWcgIXLw=="
    }
  },
  "dependencies": {
    "commist": {
      "version": "2.0.0",
      "resolved": "https://registry.npmjs.org/commist/-/commist-2.0.0.tgz",
      "integrity": "sha512-FOz6gc7VRNFV+SYjGv0ZPfgG1afGqJfKg2/aVtiDP6kF1ZPpo7NvUOGHuVNQ2YgMoCVglEUo0O3WzcD63yczVA==",
      "requires": {
        "leven": "^3.1.0",
        "minimist": "^1.1.0"
      }
    },
    "leven": {
      "version": "3.1.0",
      "resolved": "https://registry.npmjs.org/leven/-/leven-3.1.0.tgz",
      "integrity": "sha512-qsda+H8jTaUaN/x5vzW2rzc+8Rw4TAQ/4KjB46IwK5VH+IlVeeeje/EoZRpiXvIqjFgK84QffqPztGI3VBLG1A=="
    },
    "minimist": {
      "version": "1.2.5",
      "resolved": "https://registry.npmjs.org/minimist/-/minimist-1.2.5.tgz",
      "integrity": "sha512-FM9nNUYrRBAELZQT3xeZQ7fmMOBg6nWNmJKTcgsJeaLstP/UODVpGsr5OhXhhXg6f+qtJ8uiZ+PUxkDWcgIXLw=="
    }
  }
}
